
Microsoft Visual Studio Solution File, Format Version 12.00
# Visual Studio Version 16
VisualStudioVersion = 16.0.29215.179
MinimumVisualStudioVersion = 10.0.40219.1
Project("{FAE04EC0-301F-11D3-BF4B-00C04F79EFBC}") = "ConsoleClient", "ConsoleClient\ConsoleClient.csproj", "{C6FF2F3E-66C2-4173-AE30-5A86B1941000}"
EndProject
Project("{FAE04EC0-301F-11D3-BF4B-00C04F79EFBC}") = "CloudHost", "ConsoleServer\CloudHost.csproj", "{3680DB9E-CB0F-49CC-9801-02BA8AB34E2C}"
EndProject
Project("{2150E333-8FDC-42A3-9474-1A3956D46DE8}") = "Solution Items", "Solution Items", "{3DF7AB58-3C4E-4F96-85BF-D96BBF0813B9}"
	ProjectSection(SolutionItems) = preProject
		License.txt = License.txt
	EndProjectSection
EndProject
Project("{FAE04EC0-301F-11D3-BF4B-00C04F79EFBC}") = "CoreCloud.Service", "CoreCloud.Service\CoreCloud.Service.csproj", "{4B2F1DF7-B855-473B-B38F-48618B51C55D}"
EndProject
Project("{FAE04EC0-301F-11D3-BF4B-00C04F79EFBC}") = "CoreCloud.Silverlight", "CoreCloud.Silverlight\CoreCloud.Silverlight.csproj", "{FAABC351-F183-4EBA-B289-04D71F7172F9}"
EndProject
Project("{FAE04EC0-301F-11D3-BF4B-00C04F79EFBC}") = "CoreCloud", "CoreCloud\CoreCloud.csproj", "{1F354AAE-4B15-4485-A1A3-A5153AF1B875}"
EndProject
Project("{FAE04EC0-301F-11D3-BF4B-00C04F79EFBC}") = "Lost.RayTracing", "Lost.RayTracing\Lost.RayTracing.csproj", "{A3EE1026-3D11-40DB-B9E7-ADAAE4E0E756}"
EndProject
Project("{FAE04EC0-301F-11D3-BF4B-00C04F79EFBC}") = "CoreCloud.HostWPF", "CoreCloud.HostWPF\CoreCloud.HostWPF.csproj", "{AE73B2F5-0805-4706-B8DA-A0AD8D7F3BCC}"
EndProject
Project("{FAE04EC0-301F-11D3-BF4B-00C04F79EFBC}") = "Lost.Diagnostics", "Lost.Diagnostics\Lost.Diagnostics.csproj", "{022856E9-5345-432E-9332-EEC15B8FB4F5}"
EndProject
Project("{FAE04EC0-301F-11D3-BF4B-00C04F79EFBC}") = "CoreCloud.WindowsHost", "CoreCloud.WindowsHost\CoreCloud.WindowsHost.csproj", "{65B549A6-98FA-4387-B60D-B2AC1ADEA235}"
EndProject
Project("{FAE04EC0-301F-11D3-BF4B-00C04F79EFBC}") = "RayTracerSample", "RayTracerSample\RayTracerSample.csproj", "{62DE3F2D-C608-4F28-AFB5-725F33BC628D}"
EndProject
Project("{2150E333-8FDC-42A3-9474-1A3956D46DE8}") = "Hosting", "Hosting", "{66AAAB1E-E1FB-477C-AC18-92B330C61480}"
EndProject
Project("{2150E333-8FDC-42A3-9474-1A3956D46DE8}") = "Samples", "Samples", "{7F5AA29A-13D4-4031-8BB2-99E6AC670566}"
EndProject
Project("{2150E333-8FDC-42A3-9474-1A3956D46DE8}") = "Common", "Common", "{68643623-2F11-4F51-8E34-45B13BBB055D}"
EndProject
Project("{FAE04EC0-301F-11D3-BF4B-00C04F79EFBC}") = "CasRun", "CasRun\CasRun.csproj", "{7EB9E277-5DD6-4A45-BCB4-6186FA9DD471}"
EndProject
Project("{2150E333-8FDC-42A3-9474-1A3956D46DE8}") = "LostLib", "LostLib", "{D7E941E5-8AE6-4703-B077-C846F1F45E93}"
EndProject
Project("{FAE04EC0-301F-11D3-BF4B-00C04F79EFBC}") = "Lost.Core", "..\LostLib\Lost.Core\Lost.Core.csproj", "{9042B80F-A9C4-45A0-B2C4-CD299A91A15C}"
EndProject
Global
	GlobalSection(SolutionConfigurationPlatforms) = preSolution
		Debug|Any CPU = Debug|Any CPU
		Release|Any CPU = Release|Any CPU
	EndGlobalSection
	GlobalSection(ProjectConfigurationPlatforms) = postSolution
		{C6FF2F3E-66C2-4173-AE30-5A86B1941000}.Debug|Any CPU.ActiveCfg = Debug|Any CPU
		{C6FF2F3E-66C2-4173-AE30-5A86B1941000}.Debug|Any CPU.Build.0 = Debug|Any CPU
		{C6FF2F3E-66C2-4173-AE30-5A86B1941000}.Release|Any CPU.ActiveCfg = Release|Any CPU
		{C6FF2F3E-66C2-4173-AE30-5A86B1941000}.Release|Any CPU.Build.0 = Release|Any CPU
		{3680DB9E-CB0F-49CC-9801-02BA8AB34E2C}.Debug|Any CPU.ActiveCfg = Debug|Any CPU
		{3680DB9E-CB0F-49CC-9801-02BA8AB34E2C}.Debug|Any CPU.Build.0 = Debug|Any CPU
		{3680DB9E-CB0F-49CC-9801-02BA8AB34E2C}.Release|Any CPU.ActiveCfg = Release|Any CPU
		{3680DB9E-CB0F-49CC-9801-02BA8AB34E2C}.Release|Any CPU.Build.0 = Release|Any CPU
		{4B2F1DF7-B855-473B-B38F-48618B51C55D}.Debug|Any CPU.ActiveCfg = Debug|Any CPU
		{4B2F1DF7-B855-473B-B38F-48618B51C55D}.Debug|Any CPU.Build.0 = Debug|Any CPU
		{4B2F1DF7-B855-473B-B38F-48618B51C55D}.Release|Any CPU.ActiveCfg = Release|Any CPU
		{4B2F1DF7-B855-473B-B38F-48618B51C55D}.Release|Any CPU.Build.0 = Release|Any CPU
		{FAABC351-F183-4EBA-B289-04D71F7172F9}.Debug|Any CPU.ActiveCfg = Debug|Any CPU
		{FAABC351-F183-4EBA-B289-04D71F7172F9}.Debug|Any CPU.Build.0 = Debug|Any CPU
		{FAABC351-F183-4EBA-B289-04D71F7172F9}.Release|Any CPU.ActiveCfg = Release|Any CPU
		{FAABC351-F183-4EBA-B289-04D71F7172F9}.Release|Any CPU.Build.0 = Release|Any CPU
		{1F354AAE-4B15-4485-A1A3-A5153AF1B875}.Debug|Any CPU.ActiveCfg = Debug|Any CPU
		{1F354AAE-4B15-4485-A1A3-A5153AF1B875}.Debug|Any CPU.Build.0 = Debug|Any CPU
		{1F354AAE-4B15-4485-A1A3-A5153AF1B875}.Release|Any CPU.ActiveCfg = Release|Any CPU
		{1F354AAE-4B15-4485-A1A3-A5153AF1B875}.Release|Any CPU.Build.0 = Release|Any CPU
		{A3EE1026-3D11-40DB-B9E7-ADAAE4E0E756}.Debug|Any CPU.ActiveCfg = Debug|Any CPU
		{A3EE1026-3D11-40DB-B9E7-ADAAE4E0E756}.Debug|Any CPU.Build.0 = Debug|Any CPU
		{A3EE1026-3D11-40DB-B9E7-ADAAE4E0E756}.Release|Any CPU.ActiveCfg = Release|Any CPU
		{A3EE1026-3D11-40DB-B9E7-ADAAE4E0E756}.Release|Any CPU.Build.0 = Release|Any CPU
		{AE73B2F5-0805-4706-B8DA-A0AD8D7F3BCC}.Debug|Any CPU.ActiveCfg = Debug|Any CPU
		{AE73B2F5-0805-4706-B8DA-A0AD8D7F3BCC}.Debug|Any CPU.Build.0 = Debug|Any CPU
		{AE73B2F5-0805-4706-B8DA-A0AD8D7F3BCC}.Release|Any CPU.ActiveCfg = Release|Any CPU
		{AE73B2F5-0805-4706-B8DA-A0AD8D7F3BCC}.Release|Any CPU.Build.0 = Release|Any CPU
		{022856E9-5345-432E-9332-EEC15B8FB4F5}.Debug|Any CPU.ActiveCfg = Debug|Any CPU
		{022856E9-5345-432E-9332-EEC15B8FB4F5}.Debug|Any CPU.Build.0 = Debug|Any CPU
		{022856E9-5345-432E-9332-EEC15B8FB4F5}.Release|Any CPU.ActiveCfg = Release|Any CPU
		{022856E9-5345-432E-9332-EEC15B8FB4F5}.Release|Any CPU.Build.0 = Release|Any CPU
		{65B549A6-98FA-4387-B60D-B2AC1ADEA235}.Debug|Any CPU.ActiveCfg = Debug|Any CPU
		{65B549A6-98FA-4387-B60D-B2AC1ADEA235}.Debug|Any CPU.Build.0 = Debug|Any CPU
		{65B549A6-98FA-4387-B60D-B2AC1ADEA235}.Release|Any CPU.ActiveCfg = Release|Any CPU
		{65B549A6-98FA-4387-B60D-B2AC1ADEA235}.Release|Any CPU.Build.0 = Release|Any CPU
		{62DE3F2D-C608-4F28-AFB5-725F33BC628D}.Debug|Any CPU.ActiveCfg = Debug|Any CPU
		{62DE3F2D-C608-4F28-AFB5-725F33BC628D}.Debug|Any CPU.Build.0 = Debug|Any CPU
		{62DE3F2D-C608-4F28-AFB5-725F33BC628D}.Release|Any CPU.ActiveCfg = Release|Any CPU
		{62DE3F2D-C608-4F28-AFB5-725F33BC628D}.Release|Any CPU.Build.0 = Release|Any CPU
		{7EB9E277-5DD6-4A45-BCB4-6186FA9DD471}.Debug|Any CPU.ActiveCfg = Debug|Any CPU
		{7EB9E277-5DD6-4A45-BCB4-6186FA9DD471}.Debug|Any CPU.Build.0 = Debug|Any CPU
		{7EB9E277-5DD6-4A45-BCB4-6186FA9DD471}.Release|Any CPU.ActiveCfg = Release|Any CPU
		{7EB9E277-5DD6-4A45-BCB4-6186FA9DD471}.Release|Any CPU.Build.0 = Release|Any CPU
		{9042B80F-A9C4-45A0-B2C4-CD299A91A15C}.Debug|Any CPU.ActiveCfg = Debug|Any CPU
		{9042B80F-A9C4-45A0-B2C4-CD299A91A15C}.Debug|Any CPU.Build.0 = Debug|Any CPU
		{9042B80F-A9C4-45A0-B2C4-CD299A91A15C}.Release|Any CPU.ActiveCfg = Release|Any CPU
		{9042B80F-A9C4-45A0-B2C4-CD299A91A15C}.Release|Any CPU.Build.0 = Release|Any CPU
	EndGlobalSection
	GlobalSection(SolutionProperties) = preSolution
		HideSolutionNode = FALSE
	EndGlobalSection
	GlobalSection(NestedProjects) = preSolution
		{C6FF2F3E-66C2-4173-AE30-5A86B1941000} = {7F5AA29A-13D4-4031-8BB2-99E6AC670566}
		{3680DB9E-CB0F-49CC-9801-02BA8AB34E2C} = {66AAAB1E-E1FB-477C-AC18-92B330C61480}
		{4B2F1DF7-B855-473B-B38F-48618B51C55D} = {66AAAB1E-E1FB-477C-AC18-92B330C61480}
		{FAABC351-F183-4EBA-B289-04D71F7172F9} = {68643623-2F11-4F51-8E34-45B13BBB055D}
		{1F354AAE-4B15-4485-A1A3-A5153AF1B875} = {68643623-2F11-4F51-8E34-45B13BBB055D}
		{A3EE1026-3D11-40DB-B9E7-ADAAE4E0E756} = {7F5AA29A-13D4-4031-8BB2-99E6AC670566}
		{AE73B2F5-0805-4706-B8DA-A0AD8D7F3BCC} = {66AAAB1E-E1FB-477C-AC18-92B330C61480}
		{022856E9-5345-432E-9332-EEC15B8FB4F5} = {68643623-2F11-4F51-8E34-45B13BBB055D}
		{65B549A6-98FA-4387-B60D-B2AC1ADEA235} = {66AAAB1E-E1FB-477C-AC18-92B330C61480}
		{62DE3F2D-C608-4F28-AFB5-725F33BC628D} = {7F5AA29A-13D4-4031-8BB2-99E6AC670566}
		{7EB9E277-5DD6-4A45-BCB4-6186FA9DD471} = {66AAAB1E-E1FB-477C-AC18-92B330C61480}
		{9042B80F-A9C4-45A0-B2C4-CD299A91A15C} = {D7E941E5-8AE6-4703-B077-C846F1F45E93}
	EndGlobalSection
	GlobalSection(ExtensibilityGlobals) = postSolution
		SolutionGuid = {861A1635-7E1A-448E-A365-7522E326E46A}
	EndGlobalSection
	GlobalSection(MercurialSourceControlSolutionProperties) = preSolution
		SolutionIsControlled = True
		SolutionBindings = <Solution Location In Database>
	EndGlobalSection
EndGlobal
